
Microsoft Visual Studio Solution File, Format Version 12.00
# Visual Studio Version 16
VisualStudioVersion = 16.0.30804.86
MinimumVisualStudioVersion = 10.0.40219.1
Project("{F184B08F-C81C-45F6-A57F-5ABD9991F28F}") = "EJERCICIO_RADIOBUTTON_CON_IF", "EJERCICIO_RADIOBUTTON_CON_IF\EJERCICIO_RADIOBUTTON_CON_IF.vbproj", "{1C7B12A3-74B8-4F4D-88B5-5E523BF6D620}"
EndProject
Global
	GlobalSection(SolutionConfigurationPlatforms) = preSolution
		Debug|Any CPU = Debug|Any CPU
		Release|Any CPU = Release|Any CPU
	EndGlobalSection
	GlobalSection(ProjectConfigurationPlatforms) = postSolution
		{1C7B12A3-74B8-4F4D-88B5-5E523BF6D620}.Debug|Any CPU.ActiveCfg = Debug|Any CPU
		{1C7B12A3-74B8-4F4D-88B5-5E523BF6D620}.Debug|Any CPU.Build.0 = Debug|Any CPU
		{1C7B12A3-74B8-4F4D-88B5-5E523BF6D620}.Release|Any CPU.ActiveCfg = Release|Any CPU
		{1C7B12A3-74B8-4F4D-88B5-5E523BF6D620}.Release|Any CPU.Build.0 = Release|Any CPU
	EndGlobalSection
	GlobalSection(SolutionProperties) = preSolution
		HideSolutionNode = FALSE
	EndGlobalSection
	GlobalSection(ExtensibilityGlobals) = postSolution
		SolutionGuid = {0B8B4F88-32CA-41B5-97CC-B784257F2E88}
	EndGlobalSection
EndGlobal
